
Microsoft Visual Studio Solution File, Format Version 12.00
# Visual Studio Version 16
VisualStudioVersion = 16.0.30320.27
MinimumVisualStudioVersion = 10.0.40219.1
Project("{9A19103F-16F7-4668-BE54-9A1E7A4F7556}") = "learn-queue-app", "learn-queue-app.csproj", "{DD3DD40B-45DB-4951-B851-6F780D43419D}"
EndProject
Global
	GlobalSection(SolutionConfigurationPlatforms) = preSolution
		Debug|Any CPU = Debug|Any CPU
		Release|Any CPU = Release|Any CPU
	EndGlobalSection
	GlobalSection(ProjectConfigurationPlatforms) = postSolution
		{DD3DD40B-45DB-4951-B851-6F780D43419D}.Debug|Any CPU.ActiveCfg = Debug|Any CPU
		{DD3DD40B-45DB-4951-B851-6F780D43419D}.Debug|Any CPU.Build.0 = Debug|Any CPU
		{DD3DD40B-45DB-4951-B851-6F780D43419D}.Release|Any CPU.ActiveCfg = Release|Any CPU
		{DD3DD40B-45DB-4951-B851-6F780D43419D}.Release|Any CPU.Build.0 = Release|Any CPU
	EndGlobalSection
	GlobalSection(SolutionProperties) = preSolution
		HideSolutionNode = FALSE
	EndGlobalSection
	GlobalSection(ExtensibilityGlobals) = postSolution
		SolutionGuid = {22C9ACD5-FBD2-4719-B60C-48454289890F}
	EndGlobalSection
EndGlobal
